# THIS IS AN AUTOGENERATED FILE. DO NOT EDIT THIS FILE DIRECTLY.
# yarn lockfile v1


"@tootallnate/once@2":
  "integrity" "sha512-XCuKFP5PS55gnMVu3dty8KPatLqUoy/ZYzDzAGCQ8JNFCkLXzmI7vNHCR+XpbZaMWQK/vQubr7PkYq8g470J/A=="
  "resolved" "https://artifactory-uw2.adobeitc.com/artifactory/api/npm/npm-wf-dev/@tootallnate/once/-/once-2.0.0.tgz"
  "version" "2.0.0"

"abab@^2.0.6":
  "integrity" "sha512-j2afSsaIENvHZN2B8GOpF566vZ5WVk5opAiMTvWgaQT8DkbOqsTfvNAvHoRGU2zzP8cPoqys+xHTRDWW8L+/BA=="
  "resolved" "https://artifactory-uw2.adobeitc.com/artifactory/api/npm/npm-wf-dev/abab/-/abab-2.0.6.tgz"
  "version" "2.0.6"

"acorn-globals@^7.0.0":
  "integrity" "sha512-umOSDSDrfHbTNPuNpC2NSnnA3LUrqpevPb4T9jRx4MagXNS0rs+gwiTcAvqCRmsD6utzsrzNt+ebm00SNWiC3Q=="
  "resolved" "https://artifactory-uw2.adobeitc.com/artifactory/api/npm/npm-wf-dev/acorn-globals/-/acorn-globals-7.0.1.tgz"
  "version" "7.0.1"
  dependencies:
    "acorn" "^8.1.0"
    "acorn-walk" "^8.0.2"

"acorn-walk@^8.0.2":
  "integrity" "sha512-k+iyHEuPgSw6SbuDpGQM+06HQUa04DZ3o+F6CSzXMvvI5KMvnaEqXe+YVe555R9nn6GPt404fos4wcgpw12SDA=="
  "resolved" "https://artifactory-uw2.adobeitc.com/artifactory/api/npm/npm-wf-dev/acorn-walk/-/acorn-walk-8.2.0.tgz"
  "version" "8.2.0"

"acorn@^8.1.0", "acorn@^8.8.1":
  "integrity" "sha512-7zFpHzhnqYKrkYdUjF1HI1bzd0VygEGX8lFk4k5zVMqHEoES+P+7TKI+EvLO9WVMJ8eekdO0aDEK044xTXwPPA=="
  "resolved" "https://artifactory-uw2.adobeitc.com/artifactory/api/npm/npm-wf-dev/acorn/-/acorn-8.8.1.tgz"
  "version" "8.8.1"

"agent-base@6":
  "integrity" "sha512-RZNwNclF7+MS/8bDg70amg32dyeZGZxiDuQmZxKLAlQjr3jGyLx+4Kkk58UO7D2QdgFIQCovuSuZESne6RG6XQ=="
  "resolved" "https://artifactory-uw2.adobeitc.com/artifactory/api/npm/npm-wf-dev/agent-base/-/agent-base-6.0.2.tgz"
  "version" "6.0.2"
  dependencies:
    "debug" "4"

"asynckit@^0.4.0":
  "integrity" "sha512-Oei9OH4tRh0YqU3GxhX79dM/mwVgvbZJaSNaRk+bshkj0S5cfHcgYakreBjrHwatXKbz+IoIdYLxrKim2MjW0Q=="
  "resolved" "https://artifactory-uw2.adobeitc.com/artifactory/api/npm/npm-wf-dev/asynckit/-/asynckit-0.4.0.tgz"
  "version" "0.4.0"

"combined-stream@^1.0.8":
  "integrity" "sha512-FQN4MRfuJeHf7cBbBMJFXhKSDq+2kAArBlmRBvcvFE5BB1HZKXtSFASDhdlz9zOYwxh8lDdnvmMOe/+5cdoEdg=="
  "resolved" "https://artifactory-uw2.adobeitc.com/artifactory/api/npm/npm-wf-dev/combined-stream/-/combined-stream-1.0.8.tgz"
  "version" "1.0.8"
  dependencies:
    "delayed-stream" "~1.0.0"

"cssom@^0.5.0":
  "integrity" "sha512-iKuQcq+NdHqlAcwUY0o/HL69XQrUaQdMjmStJ8JFmUaiiQErlhrmuigkg/CU4E2J0IyUKUrMAgl36TvN67MqTw=="
  "resolved" "https://artifactory-uw2.adobeitc.com/artifactory/api/npm/npm-wf-dev/cssom/-/cssom-0.5.0.tgz"
  "version" "0.5.0"

"cssom@~0.3.6":
  "integrity" "sha512-b0tGHbfegbhPJpxpiBPU2sCkigAqtM9O121le6bbOlgyV+NyGyCmVfJ6QW9eRjz8CpNfWEOYBIMIGRYkLwsIYg=="
  "resolved" "https://artifactory-uw2.adobeitc.com/artifactory/api/npm/npm-wf-dev/cssom/-/cssom-0.3.8.tgz"
  "version" "0.3.8"

"cssstyle@^2.3.0":
  "integrity" "sha512-AZL67abkUzIuvcHqk7c09cezpGNcxUxU4Ioi/05xHk4DQeTkWmGYftIE6ctU6AEt+Gn4n1lDStOtj7FKycP71A=="
  "resolved" "https://artifactory-uw2.adobeitc.com/artifactory/api/npm/npm-wf-dev/cssstyle/-/cssstyle-2.3.0.tgz"
  "version" "2.3.0"
  dependencies:
    "cssom" "~0.3.6"

"data-uri-to-buffer@^4.0.0":
  "integrity" "sha512-Vr3mLBA8qWmcuschSLAOogKgQ/Jwxulv3RNE4FXnYWRGujzrRWQI4m12fQqRkwX06C0KanhLr4hK+GydchZsaA=="
  "resolved" "https://artifactory-uw2.adobeitc.com/artifactory/api/npm/npm-wf-dev/data-uri-to-buffer/-/data-uri-to-buffer-4.0.0.tgz"
  "version" "4.0.0"

"data-urls@^3.0.2":
  "integrity" "sha512-Jy/tj3ldjZJo63sVAvg6LHt2mHvl4V6AgRAmNDtLdm7faqtsx+aJG42rsyCo9JCoRVKwPFzKlIPx3DIibwSIaQ=="
  "resolved" "https://artifactory-uw2.adobeitc.com/artifactory/api/npm/npm-wf-dev/data-urls/-/data-urls-3.0.2.tgz"
  "version" "3.0.2"
  dependencies:
    "abab" "^2.0.6"
    "whatwg-mimetype" "^3.0.0"
    "whatwg-url" "^11.0.0"

"debug@4":
  "integrity" "sha512-PRWFHuSU3eDtQJPvnNY7Jcket1j0t5OuOsFzPPzsekD52Zl8qUfFIPEiswXqIvHWGVHOgX+7G/vCNNhehwxfkQ=="
  "resolved" "https://artifactory-uw2.adobeitc.com/artifactory/api/npm/npm-wf-dev/debug/-/debug-4.3.4.tgz"
  "version" "4.3.4"
  dependencies:
    "ms" "2.1.2"

"decimal.js@^10.4.2":
  "integrity" "sha512-VBBaLc1MgL5XpzgIP7ny5Z6Nx3UrRkIViUkPUdtl9aya5amy3De1gsUUSB1g3+3sExYNjCAsAznmukyxCb1GRA=="
  "resolved" "https://artifactory-uw2.adobeitc.com/artifactory/api/npm/npm-wf-dev/decimal.js/-/decimal.js-10.4.3.tgz"
  "version" "10.4.3"

"deep-is@~0.1.3":
  "integrity" "sha512-oIPzksmTg4/MriiaYGO+okXDT7ztn/w3Eptv/+gSIdMdKsJo0u4CfYNFJPy+4SKMuCqGw2wxnA+URMg3t8a/bQ=="
  "resolved" "https://artifactory-uw2.adobeitc.com/artifactory/api/npm/npm-wf-dev/deep-is/-/deep-is-0.1.4.tgz"
  "version" "0.1.4"

"delayed-stream@~1.0.0":
  "integrity" "sha512-ZySD7Nf91aLB0RxL4KGrKHBXl7Eds1DAmEdcoVawXnLD7SDhpNgtuII2aAkg7a7QS41jxPSZ17p4VdGnMHk3MQ=="
  "resolved" "https://artifactory-uw2.adobeitc.com/artifactory/api/npm/npm-wf-dev/delayed-stream/-/delayed-stream-1.0.0.tgz"
  "version" "1.0.0"

"domexception@^4.0.0":
  "integrity" "sha512-A2is4PLG+eeSfoTMA95/s4pvAoSo2mKtiM5jlHkAVewmiO8ISFTFKZjH7UAM1Atli/OT/7JHOrJRJiMKUZKYBw=="
  "resolved" "https://artifactory-uw2.adobeitc.com/artifactory/api/npm/npm-wf-dev/domexception/-/domexception-4.0.0.tgz"
  "version" "4.0.0"
  dependencies:
    "webidl-conversions" "^7.0.0"

"entities@^4.4.0":
  "integrity" "sha512-oYp7156SP8LkeGD0GF85ad1X9Ai79WtRsZ2gxJqtBuzH+98YUV6jkHEKlZkMbcrjJjIVJNIDP/3WL9wQkoPbWA=="
  "resolved" "https://artifactory-uw2.adobeitc.com/artifactory/api/npm/npm-wf-dev/entities/-/entities-4.4.0.tgz"
  "version" "4.4.0"

"escodegen@^2.0.0":
  "integrity" "sha512-mmHKys/C8BFUGI+MAWNcSYoORYLMdPzjrknd2Vc+bUsjN5bXcr8EhrNB+UTqfL1y3I9c4fw2ihgtMPQLBRiQxw=="
  "resolved" "https://artifactory-uw2.adobeitc.com/artifactory/api/npm/npm-wf-dev/escodegen/-/escodegen-2.0.0.tgz"
  "version" "2.0.0"
  dependencies:
    "esprima" "^4.0.1"
    "estraverse" "^5.2.0"
    "esutils" "^2.0.2"
    "optionator" "^0.8.1"
  optionalDependencies:
    "source-map" "~0.6.1"

"esprima@^4.0.1":
  "integrity" "sha512-eGuFFw7Upda+g4p+QHvnW0RyTX/SVeJBDM/gCtMARO0cLuT2HcEKnTPvhjV6aGeqrCB/sbNop0Kszm0jsaWU4A=="
  "resolved" "https://artifactory-uw2.adobeitc.com/artifactory/api/npm/npm-wf-dev/esprima/-/esprima-4.0.1.tgz"
  "version" "4.0.1"

"estraverse@^5.2.0":
  "integrity" "sha512-MMdARuVEQziNTeJD8DgMqmhwR11BRQ/cBP+pLtYdSTnf3MIO8fFeiINEbX36ZdNlfU/7A9f3gUw49B3oQsvwBA=="
  "resolved" "https://artifactory-uw2.adobeitc.com/artifactory/api/npm/npm-wf-dev/estraverse/-/estraverse-5.3.0.tgz"
  "version" "5.3.0"

"esutils@^2.0.2":
  "integrity" "sha512-kVscqXk4OCp68SZ0dkgEKVi6/8ij300KBWTJq32P/dYeWTSwK41WyTxalN1eRmA5Z9UU/LX9D7FWSmV9SAYx6g=="
  "resolved" "https://artifactory-uw2.adobeitc.com/artifactory/api/npm/npm-wf-dev/esutils/-/esutils-2.0.3.tgz"
  "version" "2.0.3"

"fast-levenshtein@~2.0.6":
  "integrity" "sha512-DCXu6Ifhqcks7TZKY3Hxp3y6qphY5SJZmrWMDrKcERSOXWQdMhU9Ig/PYrzyw/ul9jOIyh0N4M0tbC5hodg8dw=="
  "resolved" "https://artifactory-uw2.adobeitc.com/artifactory/api/npm/npm-wf-dev/fast-levenshtein/-/fast-levenshtein-2.0.6.tgz"
  "version" "2.0.6"

"fetch-blob@^3.1.2", "fetch-blob@^3.1.4":
  "integrity" "sha512-7yAQpD2UMJzLi1Dqv7qFYnPbaPx7ZfFK6PiIxQ4PfkGPyNyl2Ugx+a/umUonmKqjhM4DnfbMvdX6otXq83soQQ=="
  "resolved" "https://artifactory-uw2.adobeitc.com/artifactory/api/npm/npm-wf-dev/fetch-blob/-/fetch-blob-3.2.0.tgz"
  "version" "3.2.0"
  dependencies:
    "node-domexception" "^1.0.0"
    "web-streams-polyfill" "^3.0.3"

"form-data@^4.0.0":
  "integrity" "sha512-ETEklSGi5t0QMZuiXoA/Q6vcnxcLQP5vdugSpuAyi6SVGi2clPPp+xgEhuMaHC+zGgn31Kd235W35f7Hykkaww=="
  "resolved" "https://artifactory-uw2.adobeitc.com/artifactory/api/npm/npm-wf-dev/form-data/-/form-data-4.0.0.tgz"
  "version" "4.0.0"
  dependencies:
    "asynckit" "^0.4.0"
    "combined-stream" "^1.0.8"
    "mime-types" "^2.1.12"

"formdata-polyfill@^4.0.10":
  "integrity" "sha512-buewHzMvYL29jdeQTVILecSaZKnt/RJWjoZCF5OW60Z67/GmSLBkOFM7qh1PI3zFNtJbaZL5eQu1vLfazOwj4g=="
  "resolved" "https://artifactory-uw2.adobeitc.com/artifactory/api/npm/npm-wf-dev/formdata-polyfill/-/formdata-polyfill-4.0.10.tgz"
  "version" "4.0.10"
  dependencies:
    "fetch-blob" "^3.1.2"

"html-encoding-sniffer@^3.0.0":
  "integrity" "sha512-oWv4T4yJ52iKrufjnyZPkrN0CH3QnrUqdB6In1g5Fe1mia8GmF36gnfNySxoZtxD5+NmYw1EElVXiBk93UeskA=="
  "resolved" "https://artifactory-uw2.adobeitc.com/artifactory/api/npm/npm-wf-dev/html-encoding-sniffer/-/html-encoding-sniffer-3.0.0.tgz"
  "version" "3.0.0"
  dependencies:
    "whatwg-encoding" "^2.0.0"

"http-proxy-agent@^5.0.0":
  "integrity" "sha512-n2hY8YdoRE1i7r6M0w9DIw5GgZN0G25P8zLCRQ8rjXtTU3vsNFBI/vWK/UIeE6g5MUUz6avwAPXmL6Fy9D/90w=="
  "resolved" "https://artifactory-uw2.adobeitc.com/artifactory/api/npm/npm-wf-dev/http-proxy-agent/-/http-proxy-agent-5.0.0.tgz"
  "version" "5.0.0"
  dependencies:
    "@tootallnate/once" "2"
    "agent-base" "6"
    "debug" "4"

"https-proxy-agent@^5.0.1":
  "integrity" "sha512-dFcAjpTQFgoLMzC2VwU+C/CbS7uRL0lWmxDITmqm7C+7F0Odmj6s9l6alZc6AELXhrnggM2CeWSXHGOdX2YtwA=="
  "resolved" "https://artifactory-uw2.adobeitc.com/artifactory/api/npm/npm-wf-dev/https-proxy-agent/-/https-proxy-agent-5.0.1.tgz"
  "version" "5.0.1"
  dependencies:
    "agent-base" "6"
    "debug" "4"

"iconv-lite@0.6.3":
  "integrity" "sha512-4fCk79wshMdzMp2rH06qWrJE4iolqLhCUH+OiuIgU++RB0+94NlDL81atO7GX55uUKueo0txHNtvEyI6D7WdMw=="
  "resolved" "https://artifactory-uw2.adobeitc.com/artifactory/api/npm/npm-wf-dev/iconv-lite/-/iconv-lite-0.6.3.tgz"
  "version" "0.6.3"
  dependencies:
    "safer-buffer" ">= 2.1.2 < 3.0.0"

"is-potential-custom-element-name@^1.0.1":
  "integrity" "sha512-bCYeRA2rVibKZd+s2625gGnGF/t7DSqDs4dP7CrLA1m7jKWz6pps0LpYLJN8Q64HtmPKJ1hrN3nzPNKFEKOUiQ=="
  "resolved" "https://artifactory-uw2.adobeitc.com/artifactory/api/npm/npm-wf-dev/is-potential-custom-element-name/-/is-potential-custom-element-name-1.0.1.tgz"
  "version" "1.0.1"

"jsdom@^20.0.3":
  "integrity" "sha512-SYhBvTh89tTfCD/CRdSOm13mOBa42iTaTyfyEWBdKcGdPxPtLFBXuHR8XHb33YNYaP+lLbmSvBTsnoesCNJEsQ=="
  "resolved" "https://artifactory-uw2.adobeitc.com/artifactory/api/npm/npm-wf-dev/jsdom/-/jsdom-20.0.3.tgz"
  "version" "20.0.3"
  dependencies:
    "abab" "^2.0.6"
    "acorn" "^8.8.1"
    "acorn-globals" "^7.0.0"
    "cssom" "^0.5.0"
    "cssstyle" "^2.3.0"
    "data-urls" "^3.0.2"
    "decimal.js" "^10.4.2"
    "domexception" "^4.0.0"
    "escodegen" "^2.0.0"
    "form-data" "^4.0.0"
    "html-encoding-sniffer" "^3.0.0"
    "http-proxy-agent" "^5.0.0"
    "https-proxy-agent" "^5.0.1"
    "is-potential-custom-element-name" "^1.0.1"
    "nwsapi" "^2.2.2"
    "parse5" "^7.1.1"
    "saxes" "^6.0.0"
    "symbol-tree" "^3.2.4"
    "tough-cookie" "^4.1.2"
    "w3c-xmlserializer" "^4.0.0"
    "webidl-conversions" "^7.0.0"
    "whatwg-encoding" "^2.0.0"
    "whatwg-mimetype" "^3.0.0"
    "whatwg-url" "^11.0.0"
    "ws" "^8.11.0"
    "xml-name-validator" "^4.0.0"

"levn@~0.3.0":
  "integrity" "sha512-0OO4y2iOHix2W6ujICbKIaEQXvFQHue65vUG3pb5EUomzPI90z9hsA1VsO/dbIIpC53J8gxM9Q4Oho0jrCM/yA=="
  "resolved" "https://artifactory-uw2.adobeitc.com/artifactory/api/npm/npm-wf-dev/levn/-/levn-0.3.0.tgz"
  "version" "0.3.0"
  dependencies:
    "prelude-ls" "~1.1.2"
    "type-check" "~0.3.2"

"mime-db@1.52.0":
  "integrity" "sha512-sPU4uV7dYlvtWJxwwxHD0PuihVNiE7TyAbQ5SWxDCB9mUYvOgroQOwYQQOKPJ8CIbE+1ETVlOoK1UC2nU3gYvg=="
  "resolved" "https://artifactory-uw2.adobeitc.com/artifactory/api/npm/npm-wf-dev/mime-db/-/mime-db-1.52.0.tgz"
  "version" "1.52.0"

"mime-types@^2.1.12":
  "integrity" "sha512-ZDY+bPm5zTTF+YpCrAU9nK0UgICYPT0QtT1NZWFv4s++TNkcgVaT0g6+4R2uI4MjQjzysHB1zxuWL50hzaeXiw=="
  "resolved" "https://artifactory-uw2.adobeitc.com/artifactory/api/npm/npm-wf-dev/mime-types/-/mime-types-2.1.35.tgz"
  "version" "2.1.35"
  dependencies:
    "mime-db" "1.52.0"

"ms@2.1.2":
  "integrity" "sha512-sGkPx+VjMtmA6MX27oA4FBFELFCZZ4S4XqeGOXCv68tT+jb3vk/RyaKWP0PTKyWtmLSM0b+adUTEvbs1PEaH2w=="
  "resolved" "https://artifactory-uw2.adobeitc.com/artifactory/api/npm/npm-wf-dev/ms/-/ms-2.1.2.tgz"
  "version" "2.1.2"

"node-domexception@^1.0.0":
  "integrity" "sha512-/jKZoMpw0F8GRwl4/eLROPA3cfcXtLApP0QzLmUT/HuPCZWyB7IY9ZrMeKw2O/nFIqPQB3PVM9aYm0F312AXDQ=="
  "resolved" "https://artifactory-uw2.adobeitc.com/artifactory/api/npm/npm-wf-dev/node-domexception/-/node-domexception-1.0.0.tgz"
  "version" "1.0.0"

"node-fetch@^3.3.0":
  "integrity" "sha512-BKwRP/O0UvoMKp7GNdwPlObhYGB5DQqwhEDQlNKuoqwVYSxkSZCSbHjnFFmUEtwSKRPU4kNK8PbDYYitwaE3QA=="
  "resolved" "https://artifactory-uw2.adobeitc.com/artifactory/api/npm/npm-wf-dev/node-fetch/-/node-fetch-3.3.0.tgz"
  "version" "3.3.0"
  dependencies:
    "data-uri-to-buffer" "^4.0.0"
    "fetch-blob" "^3.1.4"
    "formdata-polyfill" "^4.0.10"

"nwsapi@^2.2.2":
  "integrity" "sha512-90yv+6538zuvUMnN+zCr8LuV6bPFdq50304114vJYJ8RDyK8D5O9Phpbd6SZWgI7PwzmmfN1upeOJlvybDSgCw=="
  "resolved" "https://artifactory-uw2.adobeitc.com/artifactory/api/npm/npm-wf-dev/nwsapi/-/nwsapi-2.2.2.tgz"
  "version" "2.2.2"

"optionator@^0.8.1":
  "integrity" "sha512-+IW9pACdk3XWmmTXG8m3upGUJst5XRGzxMRjXzAuJ1XnIFNvfhjjIuYkDvysnPQ7qzqVzLt78BCruntqRhWQbA=="
  "resolved" "https://artifactory-uw2.adobeitc.com/artifactory/api/npm/npm-wf-dev/optionator/-/optionator-0.8.3.tgz"
  "version" "0.8.3"
  dependencies:
    "deep-is" "~0.1.3"
    "fast-levenshtein" "~2.0.6"
    "levn" "~0.3.0"
    "prelude-ls" "~1.1.2"
    "type-check" "~0.3.2"
    "word-wrap" "~1.2.3"

"parse5@^7.1.1":
  "integrity" "sha512-Czj1WaSVpaoj0wbhMzLmWD69anp2WH7FXMB9n1Sy8/ZFF9jolSQVMu1Ij5WIyGmcBmhk7EOndpO4mIpihVqAXw=="
  "resolved" "https://artifactory-uw2.adobeitc.com/artifactory/api/npm/npm-wf-dev/parse5/-/parse5-7.1.2.tgz"
  "version" "7.1.2"
  dependencies:
    "entities" "^4.4.0"

"prelude-ls@~1.1.2":
  "integrity" "sha512-ESF23V4SKG6lVSGZgYNpbsiaAkdab6ZgOxe52p7+Kid3W3u3bxR4Vfd/o21dmN7jSt0IwgZ4v5MUd26FEtXE9w=="
  "resolved" "https://artifactory-uw2.adobeitc.com/artifactory/api/npm/npm-wf-dev/prelude-ls/-/prelude-ls-1.1.2.tgz"
  "version" "1.1.2"

"prettier@2.8.3":
  "integrity" "sha512-tJ/oJ4amDihPoufT5sM0Z1SKEuKay8LfVAMlbbhnnkvt6BUserZylqo2PN+p9KeljLr0OHa2rXHU1T8reeoTrw=="
  "resolved" "https://registry.npmjs.org/prettier/-/prettier-2.8.3.tgz"
  "version" "2.8.3"

"psl@^1.1.33":
  "integrity" "sha512-E/ZsdU4HLs/68gYzgGTkMicWTLPdAftJLfJFlLUAAKZGkStNU72sZjT66SnMDVOfOWY/YAoiD7Jxa9iHvngcag=="
  "resolved" "https://artifactory-uw2.adobeitc.com/artifactory/api/npm/npm-wf-dev/psl/-/psl-1.9.0.tgz"
  "version" "1.9.0"

"punycode@^2.1.1":
  "integrity" "sha512-XRsRjdf+j5ml+y/6GKHPZbrF/8p2Yga0JPtdqTIY2Xe5ohJPD9saDJJLPvp9+NSBprVvevdXZybnj2cv8OEd0A=="
  "resolved" "https://artifactory-uw2.adobeitc.com/artifactory/api/npm/npm-wf-dev/punycode/-/punycode-2.1.1.tgz"
  "version" "2.1.1"

"querystringify@^2.1.1":
  "integrity" "sha512-FIqgj2EUvTa7R50u0rGsyTftzjYmv/a3hO345bZNrqabNqjtgiDMgmo4mkUjd+nzU5oF3dClKqFIPUKybUyqoQ=="
  "resolved" "https://artifactory-uw2.adobeitc.com/artifactory/api/npm/npm-wf-dev/querystringify/-/querystringify-2.2.0.tgz"
  "version" "2.2.0"

"requires-port@^1.0.0":
  "integrity" "sha512-KigOCHcocU3XODJxsu8i/j8T9tzT4adHiecwORRQ0ZZFcp7ahwXuRU1m+yuO90C5ZUyGeGfocHDI14M3L3yDAQ=="
  "resolved" "https://artifactory-uw2.adobeitc.com/artifactory/api/npm/npm-wf-dev/requires-port/-/requires-port-1.0.0.tgz"
  "version" "1.0.0"

"safer-buffer@>= 2.1.2 < 3.0.0":
  "integrity" "sha512-YZo3K82SD7Riyi0E1EQPojLz7kpepnSQI9IyPbHHg1XXXevb5dJI7tpyN2ADxGcQbHG7vcyRHk0cbwqcQriUtg=="
  "resolved" "https://artifactory-uw2.adobeitc.com/artifactory/api/npm/npm-wf-dev/safer-buffer/-/safer-buffer-2.1.2.tgz"
  "version" "2.1.2"

"saxes@^6.0.0":
  "integrity" "sha512-xAg7SOnEhrm5zI3puOOKyy1OMcMlIJZYNJY7xLBwSze0UjhPLnWfj2GF2EpT0jmzaJKIWKHLsaSSajf35bcYnA=="
  "resolved" "https://artifactory-uw2.adobeitc.com/artifactory/api/npm/npm-wf-dev/saxes/-/saxes-6.0.0.tgz"
  "version" "6.0.0"
  dependencies:
    "xmlchars" "^2.2.0"

"source-map@~0.6.1":
  "integrity" "sha512-UjgapumWlbMhkBgzT7Ykc5YXUT46F0iKu8SGXq0bcwP5dz/h0Plj6enJqjz1Zbq2l5WaqYnrVbwWOWMyF3F47g=="
  "resolved" "https://artifactory-uw2.adobeitc.com/artifactory/api/npm/npm-wf-dev/source-map/-/source-map-0.6.1.tgz"
  "version" "0.6.1"

"string-strip-html@8.4.0":
  "integrity" "sha512-ajjEpk0V1G0+/RrX08I2pSj/kfsYU5wkUKWEKPQJXVQpdahZNSljiuWVqf8UgrB2E9DvFcougbl1gPwHzkuEDg=="
  "resolved" "https://registry.npmjs.org/string-strip-html/-/string-strip-html-8.4.0.tgz"
  "version" "8.4.0"

"symbol-tree@^3.2.4":
  "integrity" "sha512-9QNk5KwDF+Bvz+PyObkmSYjI5ksVUYtjW7AU22r2NKcfLJcXp96hkDWU3+XndOsUb+AQ9QhfzfCT2O+CNWT5Tw=="
  "resolved" "https://artifactory-uw2.adobeitc.com/artifactory/api/npm/npm-wf-dev/symbol-tree/-/symbol-tree-3.2.4.tgz"
  "version" "3.2.4"

"tough-cookie@^4.1.2":
  "integrity" "sha512-G9fqXWoYFZgTc2z8Q5zaHy/vJMjm+WV0AkAeHxVCQiEB1b+dGvWzFW6QV07cY5jQ5gRkeid2qIkzkxUnmoQZUQ=="
  "resolved" "https://artifactory-uw2.adobeitc.com/artifactory/api/npm/npm-wf-dev/tough-cookie/-/tough-cookie-4.1.2.tgz"
  "version" "4.1.2"
  dependencies:
    "psl" "^1.1.33"
    "punycode" "^2.1.1"
    "universalify" "^0.2.0"
    "url-parse" "^1.5.3"

"tr46@^3.0.0":
  "integrity" "sha512-l7FvfAHlcmulp8kr+flpQZmVwtu7nfRV7NZujtN0OqES8EL4O4e0qqzL0DC5gAvx/ZC/9lk6rhcUwYvkBnBnYA=="
  "resolved" "https://artifactory-uw2.adobeitc.com/artifactory/api/npm/npm-wf-dev/tr46/-/tr46-3.0.0.tgz"
  "version" "3.0.0"
  dependencies:
    "punycode" "^2.1.1"

"type-check@~0.3.2":
  "integrity" "sha512-ZCmOJdvOWDBYJlzAoFkC+Q0+bUyEOS1ltgp1MGU03fqHG+dbi9tBFU2Rd9QKiDZFAYrhPh2JUf7rZRIuHRKtOg=="
  "resolved" "https://artifactory-uw2.adobeitc.com/artifactory/api/npm/npm-wf-dev/type-check/-/type-check-0.3.2.tgz"
  "version" "0.3.2"
  dependencies:
    "prelude-ls" "~1.1.2"

"universalify@^0.2.0":
  "integrity" "sha512-CJ1QgKmNg3CwvAv/kOFmtnEN05f0D/cn9QntgNOQlQF9dgvVTHj3t+8JPdjqawCHk7V/KA+fbUqzZ9XWhcqPUg=="
  "resolved" "https://artifactory-uw2.adobeitc.com/artifactory/api/npm/npm-wf-dev/universalify/-/universalify-0.2.0.tgz"
  "version" "0.2.0"

"url-parse@^1.5.3":
  "integrity" "sha512-WypcfiRhfeUP9vvF0j6rw0J3hrWrw6iZv3+22h6iRMJ/8z1Tj6XfLP4DsUix5MhMPnXpiHDoKyoZ/bdCkwBCiQ=="
  "resolved" "https://artifactory-uw2.adobeitc.com/artifactory/api/npm/npm-wf-dev/url-parse/-/url-parse-1.5.10.tgz"
  "version" "1.5.10"
  dependencies:
    "querystringify" "^2.1.1"
    "requires-port" "^1.0.0"

"w3c-xmlserializer@^4.0.0":
  "integrity" "sha512-d+BFHzbiCx6zGfz0HyQ6Rg69w9k19nviJspaj4yNscGjrHu94sVP+aRm75yEbCh+r2/yR+7q6hux9LVtbuTGBw=="
  "resolved" "https://artifactory-uw2.adobeitc.com/artifactory/api/npm/npm-wf-dev/w3c-xmlserializer/-/w3c-xmlserializer-4.0.0.tgz"
  "version" "4.0.0"
  dependencies:
    "xml-name-validator" "^4.0.0"

"web-streams-polyfill@^3.0.3":
  "integrity" "sha512-e0MO3wdXWKrLbL0DgGnUV7WHVuw9OUvL4hjgnPkIeEvESk74gAITi5G606JtZPp39cd8HA9VQzCIvA49LpPN5Q=="
  "resolved" "https://artifactory-uw2.adobeitc.com/artifactory/api/npm/npm-wf-dev/web-streams-polyfill/-/web-streams-polyfill-3.2.1.tgz"
  "version" "3.2.1"

"webidl-conversions@^7.0.0":
  "integrity" "sha512-VwddBukDzu71offAQR975unBIGqfKZpM+8ZX6ySk8nYhVoo5CYaZyzt3YBvYtRtO+aoGlqxPg/B87NGVZ/fu6g=="
  "resolved" "https://artifactory-uw2.adobeitc.com/artifactory/api/npm/npm-wf-dev/webidl-conversions/-/webidl-conversions-7.0.0.tgz"
  "version" "7.0.0"

"whatwg-encoding@^2.0.0":
  "integrity" "sha512-p41ogyeMUrw3jWclHWTQg1k05DSVXPLcVxRTYsXUk+ZooOCZLcoYgPZ/HL/D/N+uQPOtcp1me1WhBEaX02mhWg=="
  "resolved" "https://artifactory-uw2.adobeitc.com/artifactory/api/npm/npm-wf-dev/whatwg-encoding/-/whatwg-encoding-2.0.0.tgz"
  "version" "2.0.0"
  dependencies:
    "iconv-lite" "0.6.3"

"whatwg-mimetype@^3.0.0":
  "integrity" "sha512-nt+N2dzIutVRxARx1nghPKGv1xHikU7HKdfafKkLNLindmPU/ch3U31NOCGGA/dmPcmb1VlofO0vnKAcsm0o/Q=="
  "resolved" "https://artifactory-uw2.adobeitc.com/artifactory/api/npm/npm-wf-dev/whatwg-mimetype/-/whatwg-mimetype-3.0.0.tgz"
  "version" "3.0.0"

"whatwg-url@^11.0.0":
  "integrity" "sha512-RKT8HExMpoYx4igMiVMY83lN6UeITKJlBQ+vR/8ZJ8OCdSiN3RwCq+9gH0+Xzj0+5IrM6i4j/6LuvzbZIQgEcQ=="
  "resolved" "https://artifactory-uw2.adobeitc.com/artifactory/api/npm/npm-wf-dev/whatwg-url/-/whatwg-url-11.0.0.tgz"
  "version" "11.0.0"
  dependencies:
    "tr46" "^3.0.0"
    "webidl-conversions" "^7.0.0"

"word-wrap@~1.2.3":
  "integrity" "sha512-Hz/mrNwitNRh/HUAtM/VT/5VH+ygD6DV7mYKZAtHOrbs8U7lvPS6xf7EJKMF0uW1KJCl0H701g3ZGus+muE5vQ=="
  "resolved" "https://artifactory-uw2.adobeitc.com/artifactory/api/npm/npm-wf-dev/word-wrap/-/word-wrap-1.2.3.tgz"
  "version" "1.2.3"

"ws@^8.11.0":
  "integrity" "sha512-HPG3wQd9sNQoT9xHyNCXoDUa+Xw/VevmY9FoHyQ+g+rrMn4j6FB4np7Z0OhdTgjx6MgQLK7jwSy1YecU1+4Asg=="
  "resolved" "https://artifactory-uw2.adobeitc.com/artifactory/api/npm/npm-wf-dev/ws/-/ws-8.11.0.tgz"
  "version" "8.11.0"

"xml-name-validator@^4.0.0":
  "integrity" "sha512-ICP2e+jsHvAj2E2lIHxa5tjXRlKDJo4IdvPvCXbXQGdzSfmSpNVyIKMvoZHjDY9DP0zV17iI85o90vRFXNccRw=="
  "resolved" "https://artifactory-uw2.adobeitc.com/artifactory/api/npm/npm-wf-dev/xml-name-validator/-/xml-name-validator-4.0.0.tgz"
  "version" "4.0.0"

"xmlchars@^2.2.0":
  "integrity" "sha512-JZnDKK8B0RCDw84FNdDAIpZK+JuJw+s7Lz8nksI7SIuU3UXJJslUthsi+uWBUYOwPFwW7W7PRLRfUKpxjtjFCw=="
  "resolved" "https://artifactory-uw2.adobeitc.com/artifactory/api/npm/npm-wf-dev/xmlchars/-/xmlchars-2.2.0.tgz"
  "version" "2.2.0"
